
Microsoft Visual Studio Solution File, Format Version 12.00
# Visual Studio Version 17
VisualStudioVersion = 17.5.33516.290
MinimumVisualStudioVersion = 10.0.40219.1
Project("{9A19103F-16F7-4668-BE54-9A1E7A4F7556}") = "BidCalculatorApi", "BidCalculator\BidCalculatorApi.csproj", "{953D666E-572E-4557-AEBE-4A74DBD63A6A}"
EndProject
Global
	GlobalSection(SolutionConfigurationPlatforms) = preSolution
		Debug|Any CPU = Debug|Any CPU
		Release|Any CPU = Release|Any CPU
	EndGlobalSection
	GlobalSection(ProjectConfigurationPlatforms) = postSolution
		{953D666E-572E-4557-AEBE-4A74DBD63A6A}.Debug|Any CPU.ActiveCfg = Debug|Any CPU
		{953D666E-572E-4557-AEBE-4A74DBD63A6A}.Debug|Any CPU.Build.0 = Debug|Any CPU
		{953D666E-572E-4557-AEBE-4A74DBD63A6A}.Release|Any CPU.ActiveCfg = Release|Any CPU
		{953D666E-572E-4557-AEBE-4A74DBD63A6A}.Release|Any CPU.Build.0 = Release|Any CPU
	EndGlobalSection
	GlobalSection(SolutionProperties) = preSolution
		HideSolutionNode = FALSE
	EndGlobalSection
	GlobalSection(ExtensibilityGlobals) = postSolution
		SolutionGuid = {456E0784-E350-44F5-B1C1-4A7F307A99B5}
	EndGlobalSection
EndGlobal
